
Microsoft Visual Studio Solution File, Format Version 12.00
# Visual Studio Version 16
VisualStudioVersion = 16.0.30114.105
MinimumVisualStudioVersion = 10.0.40219.1
Project("{FAE04EC0-301F-11D3-BF4B-00C04F79EFBC}") = "Construtores", "Construtores\Construtores.csproj", "{BD85A73D-171D-4336-830F-29F8E6B1CF62}"
EndProject
Project("{FAE04EC0-301F-11D3-BF4B-00C04F79EFBC}") = "GetSet", "GetSet\GetSet.csproj", "{3AD03109-2C75-408D-9CF2-41E1158101F7}"
EndProject
Project("{FAE04EC0-301F-11D3-BF4B-00C04F79EFBC}") = "Delegates", "Delegates\Delegates.csproj", "{68E62C42-690F-4EC3-AF09-0EFEED547A79}"
EndProject
Project("{FAE04EC0-301F-11D3-BF4B-00C04F79EFBC}") = "Eventos", "Eventos\Eventos.csproj", "{A8733409-DE23-404F-87DD-295C30DCC613}"
EndProject
Global
	GlobalSection(SolutionConfigurationPlatforms) = preSolution
		Debug|Any CPU = Debug|Any CPU
		Release|Any CPU = Release|Any CPU
	EndGlobalSection
	GlobalSection(SolutionProperties) = preSolution
		HideSolutionNode = FALSE
	EndGlobalSection
	GlobalSection(ProjectConfigurationPlatforms) = postSolution
		{BD85A73D-171D-4336-830F-29F8E6B1CF62}.Debug|Any CPU.ActiveCfg = Debug|Any CPU
		{BD85A73D-171D-4336-830F-29F8E6B1CF62}.Debug|Any CPU.Build.0 = Debug|Any CPU
		{BD85A73D-171D-4336-830F-29F8E6B1CF62}.Release|Any CPU.ActiveCfg = Release|Any CPU
		{BD85A73D-171D-4336-830F-29F8E6B1CF62}.Release|Any CPU.Build.0 = Release|Any CPU
		{3AD03109-2C75-408D-9CF2-41E1158101F7}.Debug|Any CPU.ActiveCfg = Debug|Any CPU
		{3AD03109-2C75-408D-9CF2-41E1158101F7}.Debug|Any CPU.Build.0 = Debug|Any CPU
		{3AD03109-2C75-408D-9CF2-41E1158101F7}.Release|Any CPU.ActiveCfg = Release|Any CPU
		{3AD03109-2C75-408D-9CF2-41E1158101F7}.Release|Any CPU.Build.0 = Release|Any CPU
		{68E62C42-690F-4EC3-AF09-0EFEED547A79}.Debug|Any CPU.ActiveCfg = Debug|Any CPU
		{68E62C42-690F-4EC3-AF09-0EFEED547A79}.Debug|Any CPU.Build.0 = Debug|Any CPU
		{68E62C42-690F-4EC3-AF09-0EFEED547A79}.Release|Any CPU.ActiveCfg = Release|Any CPU
		{68E62C42-690F-4EC3-AF09-0EFEED547A79}.Release|Any CPU.Build.0 = Release|Any CPU
		{A8733409-DE23-404F-87DD-295C30DCC613}.Debug|Any CPU.ActiveCfg = Debug|Any CPU
		{A8733409-DE23-404F-87DD-295C30DCC613}.Debug|Any CPU.Build.0 = Debug|Any CPU
		{A8733409-DE23-404F-87DD-295C30DCC613}.Release|Any CPU.ActiveCfg = Release|Any CPU
		{A8733409-DE23-404F-87DD-295C30DCC613}.Release|Any CPU.Build.0 = Release|Any CPU
	EndGlobalSection
EndGlobal
